# THIS IS AN AUTOGENERATED FILE. DO NOT EDIT THIS FILE DIRECTLY.
# yarn lockfile v1


"@nondanee/unblockneteasemusic@^0.22.3":
  version "0.22.3"
  resolved "https://registry.npm.taobao.org/@nondanee/unblockneteasemusic/download/@nondanee/unblockneteasemusic-0.22.3.tgz#6423cdc93bb18fb2d722fad9862d037b91f53f73"
  integrity sha1-ZCPNyTuxj7LXIvrZhi0De5H1P3M=
