# THIS IS AN AUTOGENERATED FILE. DO NOT EDIT THIS FILE DIRECTLY.
# yarn lockfile v1


"@nondanee/unblockneteasemusic@^0.18.1":
  version "0.18.1"
  resolved "https://registry.npm.taobao.org/@nondanee/unblockneteasemusic/download/@nondanee/unblockneteasemusic-0.18.1.tgz#7bc36a56cccf63bf296c26becb8e42a479c4dad8"
  integrity sha1-e8NqVszPY78pbCa+y45CpHnE2tg=
