# THIS IS AN AUTOGENERATED FILE. DO NOT EDIT THIS FILE DIRECTLY.
# yarn lockfile v1


async-limiter@^1.0.0:
  version "1.0.1"
  resolved "https://registry.npm.taobao.org/async-limiter/download/async-limiter-1.0.1.tgz#dd379e94f0db8310b08291f9d64c3209766617fd"
  integrity sha1-3TeelPDbgxCwgpH51kwyCXZmF/0=

qrcode-terminal@^0.12.0:
  version "0.12.0"
  resolved "https://registry.npm.taobao.org/qrcode-terminal/download/qrcode-terminal-0.12.0.tgz#bb5b699ef7f9f0505092a3748be4464fe71b5819"
  integrity sha1-u1tpnvf58FBQkqN0i+RGT+cbWBk=

ws@^7.1.2:
  version "7.1.2"
  resolved "https://registry.npm.taobao.org/ws/download/ws-7.1.2.tgz#c672d1629de8bb27a9699eb599be47aeeedd8f73"
  integrity sha1-xnLRYp3ouyepaZ61mb5Hru7dj3M=
  dependencies:
    async-limiter "^1.0.0"
